# This file is generated by running "yarn install" inside your project.
# Manual changes might be lost - proceed with caution!

__metadata:
  version: 9
  cacheKey: 10c0

"@types/js-yaml@npm:^4.0.9":
  version: 4.0.9
  resolution: "@types/js-yaml@npm:4.0.9"
  checksum: 10c0/24de857aa8d61526bbfbbaa383aa538283ad17363fcd5bb5148e2c7f604547db36646440e739d78241ed008702a8920665d1add5618687b6743858fae00da211
  languageName: node
  linkType: hard

"@types/node@npm:^20.14.12":
  version: 20.19.41
  resolution: "@types/node@npm:20.19.41"
  dependencies:
    undici-types: "npm:~6.21.0"
  checksum: 10c0/aa2a07317bbd700bea68d5784b403a738dbcebadbe2d8ef05649f7953065120d5d37f7edfdd7881df3a3bd15328c8a4dc46fdd69732ab540d552c505378c585b
  languageName: node
  linkType: hard

"adm-zip@npm:^0.5.10":
  version: 0.5.17
  resolution: "adm-zip@npm:0.5.17"
  checksum: 10c0/29b8f2a1070fc540ad9a45b13d0ceffd141d78e5a4501f102e978f0256f8290326009ccd3411213e90f3a810c830b39453548638879b3295ddc3814c20a8307b
  languageName: node
  linkType: hard

"agent-base@npm:6":
  version: 6.0.2
  resolution: "agent-base@npm:6.0.2"
  dependencies:
    debug: "npm:4"
  checksum: 10c0/dc4f757e40b5f3e3d674bc9beb4f1048f4ee83af189bae39be99f57bf1f48dde166a8b0a5342a84b5944ee8e6ed1e5a9d801858f4ad44764e84957122fe46261
  languageName: node
  linkType: hard

"argparse@npm:^2.0.1":
  version: 2.0.1
  resolution: "argparse@npm:2.0.1"
  checksum: 10c0/c5640c2d89045371c7cedd6a70212a04e360fd34d6edeae32f6952c63949e3525ea77dbec0289d8213a99bbaeab5abfa860b5c12cf88a2e6cf8106e90dd27a7e
  languageName: node
  linkType: hard

"azure-pipelines-task-lib@npm:^4.17.3":
  version: 4.17.3
  resolution: "azure-pipelines-task-lib@npm:4.17.3"
  dependencies:
    adm-zip: "npm:^0.5.10"
    minimatch: "npm:3.0.5"
    nodejs-file-downloader: "npm:^4.11.1"
    q: "npm:^1.5.1"
    semver: "npm:^5.7.2"
    shelljs: "npm:^0.8.5"
    uuid: "npm:^3.0.1"
  checksum: 10c0/15757da025053322ced2afb8d096db1e3cb127329ddbf319c8c449cc1bb39bed78ef64f492539ffb992c932fff41fca82c161791dde29104dcb639de1b79ff97
  languageName: node
  linkType: hard

"balanced-match@npm:^1.0.0":
  version: 1.0.2
  resolution: "balanced-match@npm:1.0.2"
  checksum: 10c0/9308baf0a7e4838a82bbfd11e01b1cb0f0cf2893bc1676c27c2a8c0e70cbae1c59120c3268517a8ae7fb6376b4639ef81ca22582611dbee4ed28df945134aaee
  languageName: node
  linkType: hard

"brace-expansion@npm:^1.1.7":
  version: 1.1.14
  resolution: "brace-expansion@npm:1.1.14"
  dependencies:
    balanced-match: "npm:^1.0.0"
    concat-map: "npm:0.0.1"
  checksum: 10c0/b6fdac832bc4e36a753658c9ed052c2e1a2be221763b002df25d1efbf7d21724334e726a6cd5eadc72a4b19ec3efb632d629cc003bc9c62f7af7a7915ffa4385
  languageName: node
  linkType: hard

"concat-map@npm:0.0.1":
  version: 0.0.1
  resolution: "concat-map@npm:0.0.1"
  checksum: 10c0/c996b1cfdf95b6c90fee4dae37e332c8b6eb7d106430c17d538034c0ad9a1630cb194d2ab37293b1bdd4d779494beee7786d586a50bd9376fd6f7bcc2bd4c98f
  languageName: node
  linkType: hard

"debug@npm:4":
  version: 4.4.3
  resolution: "debug@npm:4.4.3"
  dependencies:
    ms: "npm:^2.1.3"
  peerDependenciesMeta:
    supports-color:
      optional: true
  checksum: 10c0/d79136ec6c83ecbefd0f6a5593da6a9c91ec4d7ddc4b54c883d6e71ec9accb5f67a1a5e96d00a328196b5b5c86d365e98d8a3a70856aaf16b4e7b1985e67f5a6
  languageName: node
  linkType: hard

"es-errors@npm:^1.3.0":
  version: 1.3.0
  resolution: "es-errors@npm:1.3.0"
  checksum: 10c0/0a61325670072f98d8ae3b914edab3559b6caa980f08054a3b872052640d91da01d38df55df797fcc916389d77fc92b8d5906cf028f4db46d7e3003abecbca85
  languageName: node
  linkType: hard

"follow-redirects@npm:^1.15.6":
  version: 1.16.0
  resolution: "follow-redirects@npm:1.16.0"
  peerDependenciesMeta:
    debug:
      optional: true
  checksum: 10c0/a1e2900163e6f1b4d1ed5c221b607f41decbab65534c63fe7e287e40a5d552a6496e7d9d7d976fa4ba77b4c51c11e5e9f683f10b43011ea11e442ff128d0e181
  languageName: node
  linkType: hard

"fs.realpath@npm:^1.0.0":
  version: 1.0.0
  resolution: "fs.realpath@npm:1.0.0"
  checksum: 10c0/444cf1291d997165dfd4c0d58b69f0e4782bfd9149fd72faa4fe299e68e0e93d6db941660b37dd29153bf7186672ececa3b50b7e7249477b03fdf850f287c948
  languageName: node
  linkType: hard

"function-bind@npm:^1.1.2":
  version: 1.1.2
  resolution: "function-bind@npm:1.1.2"
  checksum: 10c0/d8680ee1e5fcd4c197e4ac33b2b4dce03c71f4d91717292785703db200f5c21f977c568d28061226f9b5900cbcd2c84463646134fd5337e7925e0942bc3f46d5
  languageName: node
  linkType: hard

"glob@npm:^7.0.0":
  version: 7.2.3
  resolution: "glob@npm:7.2.3"
  dependencies:
    fs.realpath: "npm:^1.0.0"
    inflight: "npm:^1.0.4"
    inherits: "npm:2"
    minimatch: "npm:^3.1.1"
    once: "npm:^1.3.0"
    path-is-absolute: "npm:^1.0.0"
  checksum: 10c0/65676153e2b0c9095100fe7f25a778bf45608eeb32c6048cf307f579649bcc30353277b3b898a3792602c65764e5baa4f643714dfbdfd64ea271d210c7a425fe
  languageName: node
  linkType: hard

"hasown@npm:^2.0.3":
  version: 2.0.3
  resolution: "hasown@npm:2.0.3"
  dependencies:
    function-bind: "npm:^1.1.2"
  checksum: 10c0/f5eb28c3fd0d3e4facd821c1eeee3836c37b70ab0b0fc532e8a39976e18fef43652415dadc52f8c7a5ff6d5ac93b7bef128789aa6f90f4e9b9a9083dce74ab38
  languageName: node
  linkType: hard

"https-proxy-agent@npm:^5.0.0":
  version: 5.0.1
  resolution: "https-proxy-agent@npm:5.0.1"
  dependencies:
    agent-base: "npm:6"
    debug: "npm:4"
  checksum: 10c0/6dd639f03434003577c62b27cafdb864784ef19b2de430d8ae2a1d45e31c4fd60719e5637b44db1a88a046934307da7089e03d6089ec3ddacc1189d8de8897d1
  languageName: node
  linkType: hard

"inflight@npm:^1.0.4":
  version: 1.0.6
  resolution: "inflight@npm:1.0.6"
  dependencies:
    once: "npm:^1.3.0"
    wrappy: "npm:1"
  checksum: 10c0/7faca22584600a9dc5b9fca2cd5feb7135ac8c935449837b315676b4c90aa4f391ec4f42240178244b5a34e8bede1948627fda392ca3191522fc46b34e985ab2
  languageName: node
  linkType: hard

"inherits@npm:2":
  version: 2.0.4
  resolution: "inherits@npm:2.0.4"
  checksum: 10c0/4e531f648b29039fb7426fb94075e6545faa1eb9fe83c29f0b6d9e7263aceb4289d2d4557db0d428188eeb449cc7c5e77b0a0b2c4e248ff2a65933a0dee49ef2
  languageName: node
  linkType: hard

"interpret@npm:^1.0.0":
  version: 1.4.0
  resolution: "interpret@npm:1.4.0"
  checksum: 10c0/08c5ad30032edeec638485bc3f6db7d0094d9b3e85e0f950866600af3c52e9fd69715416d29564731c479d9f4d43ff3e4d302a178196bdc0e6837ec147640450
  languageName: node
  linkType: hard

"is-core-module@npm:^2.16.1":
  version: 2.16.2
  resolution: "is-core-module@npm:2.16.2"
  dependencies:
    hasown: "npm:^2.0.3"
  checksum: 10c0/14b4258390283709c15476d023ec173e27458d5d014ccdb8ed39d576e551c3fa45498b7c9fe178f1529c4cb2648ddd58852a6a62107a019f6e349529f277518a
  languageName: node
  linkType: hard

"js-yaml@npm:^4.1.0":
  version: 4.1.1
  resolution: "js-yaml@npm:4.1.1"
  dependencies:
    argparse: "npm:^2.0.1"
  bin:
    js-yaml: bin/js-yaml.js
  checksum: 10c0/561c7d7088c40a9bb53cc75becbfb1df6ae49b34b5e6e5a81744b14ae8667ec564ad2527709d1a6e7d5e5fa6d483aa0f373a50ad98d42fde368ec4a190d4fae7
  languageName: node
  linkType: hard

"mime-db@npm:1.52.0":
  version: 1.52.0
  resolution: "mime-db@npm:1.52.0"
  checksum: 10c0/0557a01deebf45ac5f5777fe7740b2a5c309c6d62d40ceab4e23da9f821899ce7a900b7ac8157d4548ddbb7beffe9abc621250e6d182b0397ec7f10c7b91a5aa
  languageName: node
  linkType: hard

"mime-types@npm:^2.1.27":
  version: 2.1.35
  resolution: "mime-types@npm:2.1.35"
  dependencies:
    mime-db: "npm:1.52.0"
  checksum: 10c0/82fb07ec56d8ff1fc999a84f2f217aa46cb6ed1033fefaabd5785b9a974ed225c90dc72fff460259e66b95b73648596dbcc50d51ed69cdf464af2d237d3149b2
  languageName: node
  linkType: hard

"minimatch@npm:3.0.5":
  version: 3.0.5
  resolution: "minimatch@npm:3.0.5"
  dependencies:
    brace-expansion: "npm:^1.1.7"
  checksum: 10c0/f398652d0d260137c289c270a4ac98ebe0a27cd316fa0fac72b096e96cbdc89f71d80d47ac7065c716ba3b0b730783b19180bd85a35f9247535d2adfe96bba76
  languageName: node
  linkType: hard

"minimatch@npm:^3.1.1":
  version: 3.1.5
  resolution: "minimatch@npm:3.1.5"
  dependencies:
    brace-expansion: "npm:^1.1.7"
  checksum: 10c0/2ecbdc0d33f07bddb0315a8b5afbcb761307a8778b48f0b312418ccbced99f104a2d17d8aca7573433c70e8ccd1c56823a441897a45e384ea76ef401a26ace70
  languageName: node
  linkType: hard

"ms@npm:^2.1.3":
  version: 2.1.3
  resolution: "ms@npm:2.1.3"
  checksum: 10c0/d924b57e7312b3b63ad21fc5b3dc0af5e78d61a1fc7cfb5457edaf26326bf62be5307cc87ffb6862ef1c2b33b0233cdb5d4f01c4c958cc0d660948b65a287a48
  languageName: node
  linkType: hard

"nodejs-file-downloader@npm:^4.11.1":
  version: 4.13.0
  resolution: "nodejs-file-downloader@npm:4.13.0"
  dependencies:
    follow-redirects: "npm:^1.15.6"
    https-proxy-agent: "npm:^5.0.0"
    mime-types: "npm:^2.1.27"
    sanitize-filename: "npm:^1.6.3"
  checksum: 10c0/5794cab1366563ad377341f19d74c97e5cc2cd472be26d54296b1a047acf4e9ea525a18d5788011aff53a039f5c60ecc71d8e5a81edb63a2aab1b95e4f4aac55
  languageName: node
  linkType: hard

"once@npm:^1.3.0":
  version: 1.4.0
  resolution: "once@npm:1.4.0"
  dependencies:
    wrappy: "npm:1"
  checksum: 10c0/5d48aca287dfefabd756621c5dfce5c91a549a93e9fdb7b8246bc4c4790aa2ec17b34a260530474635147aeb631a2dcc8b32c613df0675f96041cbb8244517d0
  languageName: node
  linkType: hard

"path-is-absolute@npm:^1.0.0":
  version: 1.0.1
  resolution: "path-is-absolute@npm:1.0.1"
  checksum: 10c0/127da03c82172a2a50099cddbf02510c1791fc2cc5f7713ddb613a56838db1e8168b121a920079d052e0936c23005562059756d653b7c544c53185efe53be078
  languageName: node
  linkType: hard

"path-parse@npm:^1.0.7":
  version: 1.0.7
  resolution: "path-parse@npm:1.0.7"
  checksum: 10c0/11ce261f9d294cc7a58d6a574b7f1b935842355ec66fba3c3fd79e0f036462eaf07d0aa95bb74ff432f9afef97ce1926c720988c6a7451d8a584930ae7de86e1
  languageName: node
  linkType: hard

"q@npm:^1.5.1":
  version: 1.5.1
  resolution: "q@npm:1.5.1"
  checksum: 10c0/7855fbdba126cb7e92ef3a16b47ba998c0786ec7fface236e3eb0135b65df36429d91a86b1fff3ab0927b4ac4ee88a2c44527c7c3b8e2a37efbec9fe34803df4
  languageName: node
  linkType: hard

"rechoir@npm:^0.6.2":
  version: 0.6.2
  resolution: "rechoir@npm:0.6.2"
  dependencies:
    resolve: "npm:^1.1.6"
  checksum: 10c0/22c4bb32f4934a9468468b608417194f7e3ceba9a508512125b16082c64f161915a28467562368eeb15dc16058eb5b7c13a20b9eb29ff9927d1ebb3b5aa83e84
  languageName: node
  linkType: hard

"resolve@npm:^1.1.6":
  version: 1.22.12
  resolution: "resolve@npm:1.22.12"
  dependencies:
    es-errors: "npm:^1.3.0"
    is-core-module: "npm:^2.16.1"
    path-parse: "npm:^1.0.7"
    supports-preserve-symlinks-flag: "npm:^1.0.0"
  bin:
    resolve: bin/resolve
  checksum: 10c0/b16dc9b537c02e8c3388f7d3dcff9741d3071625f9a97ac1c885f2b0ca51e78df22328fb6d6ef214dd9101fb7cfc19aa2836fe3410402a94f3f7b8639c7149bf
  languageName: node
  linkType: hard

"resolve@patch:resolve@npm%3A^1.1.6#optional!builtin<compat/resolve>":
  version: 1.22.12
  resolution: "resolve@patch:resolve@npm%3A1.22.12#optional!builtin<compat/resolve>::version=1.22.12&hash=c3c19d"
  dependencies:
    es-errors: "npm:^1.3.0"
    is-core-module: "npm:^2.16.1"
    path-parse: "npm:^1.0.7"
    supports-preserve-symlinks-flag: "npm:^1.0.0"
  bin:
    resolve: bin/resolve
  checksum: 10c0/fc6519984ae1f894d877c0060ba8b1f5ba3bc0e85a02f74e141929c118c23d74d9735619a9cc2965397387e514884245c65d72a40731dcb6cfc84c7bcdc8321e
  languageName: node
  linkType: hard

"sanitize-filename@npm:^1.6.3":
  version: 1.6.4
  resolution: "sanitize-filename@npm:1.6.4"
  dependencies:
    truncate-utf8-bytes: "npm:^1.0.0"
  checksum: 10c0/b56415a95e4f90dc992cd126b5f45c7b39d178662fbd0dc48f03203e35c58ab8e9eb3f5cebfaabc46f1438093d65a3a3cc96875e2b036a1474e19593bee9a540
  languageName: node
  linkType: hard

"semver@npm:^5.7.2":
  version: 5.7.2
  resolution: "semver@npm:5.7.2"
  bin:
    semver: bin/semver
  checksum: 10c0/e4cf10f86f168db772ae95d86ba65b3fd6c5967c94d97c708ccb463b778c2ee53b914cd7167620950fc07faf5a564e6efe903836639e512a1aa15fbc9667fa25
  languageName: node
  linkType: hard

"shelljs@npm:^0.8.5":
  version: 0.8.5
  resolution: "shelljs@npm:0.8.5"
  dependencies:
    glob: "npm:^7.0.0"
    interpret: "npm:^1.0.0"
    rechoir: "npm:^0.6.2"
  bin:
    shjs: bin/shjs
  checksum: 10c0/feb25289a12e4bcd04c40ddfab51aff98a3729f5c2602d5b1a1b95f6819ec7804ac8147ebd8d9a85dfab69d501bcf92d7acef03247320f51c1552cec8d8e2382
  languageName: node
  linkType: hard

"supports-preserve-symlinks-flag@npm:^1.0.0":
  version: 1.0.0
  resolution: "supports-preserve-symlinks-flag@npm:1.0.0"
  checksum: 10c0/6c4032340701a9950865f7ae8ef38578d8d7053f5e10518076e6554a9381fa91bd9c6850193695c141f32b21f979c985db07265a758867bac95de05f7d8aeb39
  languageName: node
  linkType: hard

"truncate-utf8-bytes@npm:^1.0.0":
  version: 1.0.2
  resolution: "truncate-utf8-bytes@npm:1.0.2"
  dependencies:
    utf8-byte-length: "npm:^1.0.1"
  checksum: 10c0/af2b431fc4314f119b551e5fccfad49d4c0ef82e13ba9ca61be6567801195b08e732ce9643542e8ad1b3df44f3df2d7345b3dd34f723954b6bb43a14584d6b3c
  languageName: node
  linkType: hard

"typescript@npm:^5.5.4":
  version: 5.9.3
  resolution: "typescript@npm:5.9.3"
  bin:
    tsc: bin/tsc
    tsserver: bin/tsserver
  checksum: 10c0/6bd7552ce39f97e711db5aa048f6f9995b53f1c52f7d8667c1abdc1700c68a76a308f579cd309ce6b53646deb4e9a1be7c813a93baaf0a28ccd536a30270e1c5
  languageName: node
  linkType: hard

"typescript@patch:typescript@npm%3A^5.5.4#optional!builtin<compat/typescript>":
  version: 5.9.3
  resolution: "typescript@patch:typescript@npm%3A5.9.3#optional!builtin<compat/typescript>::version=5.9.3&hash=5786d5"
  bin:
    tsc: bin/tsc
    tsserver: bin/tsserver
  checksum: 10c0/ad09fdf7a756814dce65bc60c1657b40d44451346858eea230e10f2e95a289d9183b6e32e5c11e95acc0ccc214b4f36289dcad4bf1886b0adb84d711d336a430
  languageName: node
  linkType: hard

"undici-types@npm:~6.21.0":
  version: 6.21.0
  resolution: "undici-types@npm:6.21.0"
  checksum: 10c0/c01ed51829b10aa72fc3ce64b747f8e74ae9b60eafa19a7b46ef624403508a54c526ffab06a14a26b3120d055e1104d7abe7c9017e83ced038ea5cf52f8d5e04
  languageName: node
  linkType: hard

"utf8-byte-length@npm:^1.0.1":
  version: 1.0.5
  resolution: "utf8-byte-length@npm:1.0.5"
  checksum: 10c0/e69bda3299608f4cc75976da9fb74ac94801a58b9ca29fdad03a20ec952e7477d7f226c12716b5f36bd4cff8151d1d152d02ee1df3752f017d4b2c725ce3e47a
  languageName: node
  linkType: hard

"uuid@npm:^3.0.1":
  version: 3.4.0
  resolution: "uuid@npm:3.4.0"
  bin:
    uuid: ./bin/uuid
  checksum: 10c0/1c13950df865c4f506ebfe0a24023571fa80edf2e62364297a537c80af09c618299797bbf2dbac6b1f8ae5ad182ba474b89db61e0e85839683991f7e08795347
  languageName: node
  linkType: hard

"wrappy@npm:1":
  version: 1.0.2
  resolution: "wrappy@npm:1.0.2"
  checksum: 10c0/56fece1a4018c6a6c8e28fbc88c87e0fbf4ea8fd64fc6c63b18f4acc4bd13e0ad2515189786dd2c30d3eec9663d70f4ecf699330002f8ccb547e4a18231fc9f0
  languageName: node
  linkType: hard

"yarnrc-authenticate-task@workspace:.":
  version: 0.0.0-use.local
  resolution: "yarnrc-authenticate-task@workspace:."
  dependencies:
    "@types/js-yaml": "npm:^4.0.9"
    "@types/node": "npm:^20.14.12"
    azure-pipelines-task-lib: "npm:^4.17.3"
    js-yaml: "npm:^4.1.0"
    typescript: "npm:^5.5.4"
  languageName: unknown
  linkType: soft
