# This file is generated by running "yarn install" inside your project.
# Manual changes might be lost - proceed with caution!

__metadata:
  version: 9
  cacheKey: 10c0

"@esbuild/aix-ppc64@npm:0.28.1":
  version: 0.28.1
  resolution: "@esbuild/aix-ppc64@npm:0.28.1"
  conditions: os=aix & cpu=ppc64
  languageName: node
  linkType: hard

"@esbuild/android-arm64@npm:0.28.1":
  version: 0.28.1
  resolution: "@esbuild/android-arm64@npm:0.28.1"
  conditions: os=android & cpu=arm64
  languageName: node
  linkType: hard

"@esbuild/android-arm@npm:0.28.1":
  version: 0.28.1
  resolution: "@esbuild/android-arm@npm:0.28.1"
  conditions: os=android & cpu=arm
  languageName: node
  linkType: hard

"@esbuild/android-x64@npm:0.28.1":
  version: 0.28.1
  resolution: "@esbuild/android-x64@npm:0.28.1"
  conditions: os=android & cpu=x64
  languageName: node
  linkType: hard

"@esbuild/darwin-arm64@npm:0.28.1":
  version: 0.28.1
  resolution: "@esbuild/darwin-arm64@npm:0.28.1"
  conditions: os=darwin & cpu=arm64
  languageName: node
  linkType: hard

"@esbuild/darwin-x64@npm:0.28.1":
  version: 0.28.1
  resolution: "@esbuild/darwin-x64@npm:0.28.1"
  conditions: os=darwin & cpu=x64
  languageName: node
  linkType: hard

"@esbuild/freebsd-arm64@npm:0.28.1":
  version: 0.28.1
  resolution: "@esbuild/freebsd-arm64@npm:0.28.1"
  conditions: os=freebsd & cpu=arm64
  languageName: node
  linkType: hard

"@esbuild/freebsd-x64@npm:0.28.1":
  version: 0.28.1
  resolution: "@esbuild/freebsd-x64@npm:0.28.1"
  conditions: os=freebsd & cpu=x64
  languageName: node
  linkType: hard

"@esbuild/linux-arm64@npm:0.28.1":
  version: 0.28.1
  resolution: "@esbuild/linux-arm64@npm:0.28.1"
  conditions: os=linux & cpu=arm64
  languageName: node
  linkType: hard

"@esbuild/linux-arm@npm:0.28.1":
  version: 0.28.1
  resolution: "@esbuild/linux-arm@npm:0.28.1"
  conditions: os=linux & cpu=arm
  languageName: node
  linkType: hard

"@esbuild/linux-ia32@npm:0.28.1":
  version: 0.28.1
  resolution: "@esbuild/linux-ia32@npm:0.28.1"
  conditions: os=linux & cpu=ia32
  languageName: node
  linkType: hard

"@esbuild/linux-loong64@npm:0.28.1":
  version: 0.28.1
  resolution: "@esbuild/linux-loong64@npm:0.28.1"
  conditions: os=linux & cpu=loong64
  languageName: node
  linkType: hard

"@esbuild/linux-mips64el@npm:0.28.1":
  version: 0.28.1
  resolution: "@esbuild/linux-mips64el@npm:0.28.1"
  conditions: os=linux & cpu=mips64el
  languageName: node
  linkType: hard

"@esbuild/linux-ppc64@npm:0.28.1":
  version: 0.28.1
  resolution: "@esbuild/linux-ppc64@npm:0.28.1"
  conditions: os=linux & cpu=ppc64
  languageName: node
  linkType: hard

"@esbuild/linux-riscv64@npm:0.28.1":
  version: 0.28.1
  resolution: "@esbuild/linux-riscv64@npm:0.28.1"
  conditions: os=linux & cpu=riscv64
  languageName: node
  linkType: hard

"@esbuild/linux-s390x@npm:0.28.1":
  version: 0.28.1
  resolution: "@esbuild/linux-s390x@npm:0.28.1"
  conditions: os=linux & cpu=s390x
  languageName: node
  linkType: hard

"@esbuild/linux-x64@npm:0.28.1":
  version: 0.28.1
  resolution: "@esbuild/linux-x64@npm:0.28.1"
  conditions: os=linux & cpu=x64
  languageName: node
  linkType: hard

"@esbuild/netbsd-arm64@npm:0.28.1":
  version: 0.28.1
  resolution: "@esbuild/netbsd-arm64@npm:0.28.1"
  conditions: os=netbsd & cpu=arm64
  languageName: node
  linkType: hard

"@esbuild/netbsd-x64@npm:0.28.1":
  version: 0.28.1
  resolution: "@esbuild/netbsd-x64@npm:0.28.1"
  conditions: os=netbsd & cpu=x64
  languageName: node
  linkType: hard

"@esbuild/openbsd-arm64@npm:0.28.1":
  version: 0.28.1
  resolution: "@esbuild/openbsd-arm64@npm:0.28.1"
  conditions: os=openbsd & cpu=arm64
  languageName: node
  linkType: hard

"@esbuild/openbsd-x64@npm:0.28.1":
  version: 0.28.1
  resolution: "@esbuild/openbsd-x64@npm:0.28.1"
  conditions: os=openbsd & cpu=x64
  languageName: node
  linkType: hard

"@esbuild/openharmony-arm64@npm:0.28.1":
  version: 0.28.1
  resolution: "@esbuild/openharmony-arm64@npm:0.28.1"
  conditions: os=openharmony & cpu=arm64
  languageName: node
  linkType: hard

"@esbuild/sunos-x64@npm:0.28.1":
  version: 0.28.1
  resolution: "@esbuild/sunos-x64@npm:0.28.1"
  conditions: os=sunos & cpu=x64
  languageName: node
  linkType: hard

"@esbuild/win32-arm64@npm:0.28.1":
  version: 0.28.1
  resolution: "@esbuild/win32-arm64@npm:0.28.1"
  conditions: os=win32 & cpu=arm64
  languageName: node
  linkType: hard

"@esbuild/win32-ia32@npm:0.28.1":
  version: 0.28.1
  resolution: "@esbuild/win32-ia32@npm:0.28.1"
  conditions: os=win32 & cpu=ia32
  languageName: node
  linkType: hard

"@esbuild/win32-x64@npm:0.28.1":
  version: 0.28.1
  resolution: "@esbuild/win32-x64@npm:0.28.1"
  conditions: os=win32 & cpu=x64
  languageName: node
  linkType: hard

"@nodelib/fs.scandir@npm:2.1.5":
  version: 2.1.5
  resolution: "@nodelib/fs.scandir@npm:2.1.5"
  dependencies:
    "@nodelib/fs.stat": "npm:2.0.5"
    run-parallel: "npm:^1.1.9"
  checksum: 10c0/732c3b6d1b1e967440e65f284bd06e5821fedf10a1bea9ed2bb75956ea1f30e08c44d3def9d6a230666574edbaf136f8cfd319c14fd1f87c66e6a44449afb2eb
  languageName: node
  linkType: hard

"@nodelib/fs.stat@npm:2.0.5, @nodelib/fs.stat@npm:^2.0.2":
  version: 2.0.5
  resolution: "@nodelib/fs.stat@npm:2.0.5"
  checksum: 10c0/88dafe5e3e29a388b07264680dc996c17f4bda48d163a9d4f5c1112979f0ce8ec72aa7116122c350b4e7976bc5566dc3ddb579be1ceaacc727872eb4ed93926d
  languageName: node
  linkType: hard

"@nodelib/fs.walk@npm:^1.2.3":
  version: 1.2.8
  resolution: "@nodelib/fs.walk@npm:1.2.8"
  dependencies:
    "@nodelib/fs.scandir": "npm:2.1.5"
    fastq: "npm:^1.6.0"
  checksum: 10c0/db9de047c3bb9b51f9335a7bb46f4fcfb6829fb628318c12115fbaf7d369bfce71c15b103d1fc3b464812d936220ee9bc1c8f762d032c9f6be9acc99249095b1
  languageName: node
  linkType: hard

"@types/js-yaml@npm:^4.0.9":
  version: 4.0.9
  resolution: "@types/js-yaml@npm:4.0.9"
  checksum: 10c0/24de857aa8d61526bbfbbaa383aa538283ad17363fcd5bb5148e2c7f604547db36646440e739d78241ed008702a8920665d1add5618687b6743858fae00da211
  languageName: node
  linkType: hard

"@types/node@npm:^20.14.12":
  version: 20.19.41
  resolution: "@types/node@npm:20.19.41"
  dependencies:
    undici-types: "npm:~6.21.0"
  checksum: 10c0/aa2a07317bbd700bea68d5784b403a738dbcebadbe2d8ef05649f7953065120d5d37f7edfdd7881df3a3bd15328c8a4dc46fdd69732ab540d552c505378c585b
  languageName: node
  linkType: hard

"adm-zip@npm:^0.5.10":
  version: 0.5.17
  resolution: "adm-zip@npm:0.5.17"
  checksum: 10c0/29b8f2a1070fc540ad9a45b13d0ceffd141d78e5a4501f102e978f0256f8290326009ccd3411213e90f3a810c830b39453548638879b3295ddc3814c20a8307b
  languageName: node
  linkType: hard

"agent-base@npm:6":
  version: 6.0.2
  resolution: "agent-base@npm:6.0.2"
  dependencies:
    debug: "npm:4"
  checksum: 10c0/dc4f757e40b5f3e3d674bc9beb4f1048f4ee83af189bae39be99f57bf1f48dde166a8b0a5342a84b5944ee8e6ed1e5a9d801858f4ad44764e84957122fe46261
  languageName: node
  linkType: hard

"argparse@npm:^2.0.1":
  version: 2.0.1
  resolution: "argparse@npm:2.0.1"
  checksum: 10c0/c5640c2d89045371c7cedd6a70212a04e360fd34d6edeae32f6952c63949e3525ea77dbec0289d8213a99bbaeab5abfa860b5c12cf88a2e6cf8106e90dd27a7e
  languageName: node
  linkType: hard

"azure-pipelines-task-lib@npm:^5.2.10":
  version: 5.2.10
  resolution: "azure-pipelines-task-lib@npm:5.2.10"
  dependencies:
    adm-zip: "npm:^0.5.10"
    minimatch: "npm:^3.1.5"
    nodejs-file-downloader: "npm:^4.11.1"
    q: "npm:^1.5.1"
    semver: "npm:^5.7.2"
    shelljs: "npm:^0.10.0"
    uuid: "npm:^3.0.1"
  checksum: 10c0/f9b791bf204a5306afecd23f612cc727dd07519a6bec200bc4db5d361c2c551b1a6d402c4fab43ca98570d569633de6faabe1e35cab3c9d6906139f6dfaa9946
  languageName: node
  linkType: hard

"balanced-match@npm:^1.0.0":
  version: 1.0.2
  resolution: "balanced-match@npm:1.0.2"
  checksum: 10c0/9308baf0a7e4838a82bbfd11e01b1cb0f0cf2893bc1676c27c2a8c0e70cbae1c59120c3268517a8ae7fb6376b4639ef81ca22582611dbee4ed28df945134aaee
  languageName: node
  linkType: hard

"brace-expansion@npm:^1.1.7":
  version: 1.1.14
  resolution: "brace-expansion@npm:1.1.14"
  dependencies:
    balanced-match: "npm:^1.0.0"
    concat-map: "npm:0.0.1"
  checksum: 10c0/b6fdac832bc4e36a753658c9ed052c2e1a2be221763b002df25d1efbf7d21724334e726a6cd5eadc72a4b19ec3efb632d629cc003bc9c62f7af7a7915ffa4385
  languageName: node
  linkType: hard

"braces@npm:^3.0.3":
  version: 3.0.3
  resolution: "braces@npm:3.0.3"
  dependencies:
    fill-range: "npm:^7.1.1"
  checksum: 10c0/7c6dfd30c338d2997ba77500539227b9d1f85e388a5f43220865201e407e076783d0881f2d297b9f80951b4c957fcf0b51c1d2d24227631643c3f7c284b0aa04
  languageName: node
  linkType: hard

"concat-map@npm:0.0.1":
  version: 0.0.1
  resolution: "concat-map@npm:0.0.1"
  checksum: 10c0/c996b1cfdf95b6c90fee4dae37e332c8b6eb7d106430c17d538034c0ad9a1630cb194d2ab37293b1bdd4d779494beee7786d586a50bd9376fd6f7bcc2bd4c98f
  languageName: node
  linkType: hard

"cross-spawn@npm:^7.0.3":
  version: 7.0.6
  resolution: "cross-spawn@npm:7.0.6"
  dependencies:
    path-key: "npm:^3.1.0"
    shebang-command: "npm:^2.0.0"
    which: "npm:^2.0.1"
  checksum: 10c0/053ea8b2135caff68a9e81470e845613e374e7309a47731e81639de3eaeb90c3d01af0e0b44d2ab9d50b43467223b88567dfeb3262db942dc063b9976718ffc1
  languageName: node
  linkType: hard

"debug@npm:4":
  version: 4.4.3
  resolution: "debug@npm:4.4.3"
  dependencies:
    ms: "npm:^2.1.3"
  peerDependenciesMeta:
    supports-color:
      optional: true
  checksum: 10c0/d79136ec6c83ecbefd0f6a5593da6a9c91ec4d7ddc4b54c883d6e71ec9accb5f67a1a5e96d00a328196b5b5c86d365e98d8a3a70856aaf16b4e7b1985e67f5a6
  languageName: node
  linkType: hard

"esbuild@npm:^0.28.1":
  version: 0.28.1
  resolution: "esbuild@npm:0.28.1"
  dependencies:
    "@esbuild/aix-ppc64": "npm:0.28.1"
    "@esbuild/android-arm": "npm:0.28.1"
    "@esbuild/android-arm64": "npm:0.28.1"
    "@esbuild/android-x64": "npm:0.28.1"
    "@esbuild/darwin-arm64": "npm:0.28.1"
    "@esbuild/darwin-x64": "npm:0.28.1"
    "@esbuild/freebsd-arm64": "npm:0.28.1"
    "@esbuild/freebsd-x64": "npm:0.28.1"
    "@esbuild/linux-arm": "npm:0.28.1"
    "@esbuild/linux-arm64": "npm:0.28.1"
    "@esbuild/linux-ia32": "npm:0.28.1"
    "@esbuild/linux-loong64": "npm:0.28.1"
    "@esbuild/linux-mips64el": "npm:0.28.1"
    "@esbuild/linux-ppc64": "npm:0.28.1"
    "@esbuild/linux-riscv64": "npm:0.28.1"
    "@esbuild/linux-s390x": "npm:0.28.1"
    "@esbuild/linux-x64": "npm:0.28.1"
    "@esbuild/netbsd-arm64": "npm:0.28.1"
    "@esbuild/netbsd-x64": "npm:0.28.1"
    "@esbuild/openbsd-arm64": "npm:0.28.1"
    "@esbuild/openbsd-x64": "npm:0.28.1"
    "@esbuild/openharmony-arm64": "npm:0.28.1"
    "@esbuild/sunos-x64": "npm:0.28.1"
    "@esbuild/win32-arm64": "npm:0.28.1"
    "@esbuild/win32-ia32": "npm:0.28.1"
    "@esbuild/win32-x64": "npm:0.28.1"
  dependenciesMeta:
    "@esbuild/aix-ppc64":
      optional: true
    "@esbuild/android-arm":
      optional: true
    "@esbuild/android-arm64":
      optional: true
    "@esbuild/android-x64":
      optional: true
    "@esbuild/darwin-arm64":
      optional: true
    "@esbuild/darwin-x64":
      optional: true
    "@esbuild/freebsd-arm64":
      optional: true
    "@esbuild/freebsd-x64":
      optional: true
    "@esbuild/linux-arm":
      optional: true
    "@esbuild/linux-arm64":
      optional: true
    "@esbuild/linux-ia32":
      optional: true
    "@esbuild/linux-loong64":
      optional: true
    "@esbuild/linux-mips64el":
      optional: true
    "@esbuild/linux-ppc64":
      optional: true
    "@esbuild/linux-riscv64":
      optional: true
    "@esbuild/linux-s390x":
      optional: true
    "@esbuild/linux-x64":
      optional: true
    "@esbuild/netbsd-arm64":
      optional: true
    "@esbuild/netbsd-x64":
      optional: true
    "@esbuild/openbsd-arm64":
      optional: true
    "@esbuild/openbsd-x64":
      optional: true
    "@esbuild/openharmony-arm64":
      optional: true
    "@esbuild/sunos-x64":
      optional: true
    "@esbuild/win32-arm64":
      optional: true
    "@esbuild/win32-ia32":
      optional: true
    "@esbuild/win32-x64":
      optional: true
  bin:
    esbuild: bin/esbuild
  checksum: 10c0/29cd456a79ce35ac2c7e05fe871330416b2c395c045d849653f843e51378d6e0d6e774d6dcd01b35f4e83238a29bf8decd04fcd34b3780c589a250b21e5f92bb
  languageName: node
  linkType: hard

"execa@npm:^5.1.1":
  version: 5.1.1
  resolution: "execa@npm:5.1.1"
  dependencies:
    cross-spawn: "npm:^7.0.3"
    get-stream: "npm:^6.0.0"
    human-signals: "npm:^2.1.0"
    is-stream: "npm:^2.0.0"
    merge-stream: "npm:^2.0.0"
    npm-run-path: "npm:^4.0.1"
    onetime: "npm:^5.1.2"
    signal-exit: "npm:^3.0.3"
    strip-final-newline: "npm:^2.0.0"
  checksum: 10c0/c8e615235e8de4c5addf2fa4c3da3e3aa59ce975a3e83533b4f6a71750fb816a2e79610dc5f1799b6e28976c9ae86747a36a606655bf8cb414a74d8d507b304f
  languageName: node
  linkType: hard

"fast-glob@npm:^3.3.2":
  version: 3.3.3
  resolution: "fast-glob@npm:3.3.3"
  dependencies:
    "@nodelib/fs.stat": "npm:^2.0.2"
    "@nodelib/fs.walk": "npm:^1.2.3"
    glob-parent: "npm:^5.1.2"
    merge2: "npm:^1.3.0"
    micromatch: "npm:^4.0.8"
  checksum: 10c0/f6aaa141d0d3384cf73cbcdfc52f475ed293f6d5b65bfc5def368b09163a9f7e5ec2b3014d80f733c405f58e470ee0cc451c2937685045cddcdeaa24199c43fe
  languageName: node
  linkType: hard

"fastq@npm:^1.6.0":
  version: 1.20.1
  resolution: "fastq@npm:1.20.1"
  dependencies:
    reusify: "npm:^1.0.4"
  checksum: 10c0/e5dd725884decb1f11e5c822221d76136f239d0236f176fab80b7b8f9e7619ae57e6b4e5b73defc21e6b9ef99437ee7b545cff8e6c2c337819633712fa9d352e
  languageName: node
  linkType: hard

"fill-range@npm:^7.1.1":
  version: 7.1.1
  resolution: "fill-range@npm:7.1.1"
  dependencies:
    to-regex-range: "npm:^5.0.1"
  checksum: 10c0/b75b691bbe065472f38824f694c2f7449d7f5004aa950426a2c28f0306c60db9b880c0b0e4ed819997ffb882d1da02cfcfc819bddc94d71627f5269682edf018
  languageName: node
  linkType: hard

"follow-redirects@npm:^1.15.6":
  version: 1.16.0
  resolution: "follow-redirects@npm:1.16.0"
  peerDependenciesMeta:
    debug:
      optional: true
  checksum: 10c0/a1e2900163e6f1b4d1ed5c221b607f41decbab65534c63fe7e287e40a5d552a6496e7d9d7d976fa4ba77b4c51c11e5e9f683f10b43011ea11e442ff128d0e181
  languageName: node
  linkType: hard

"get-stream@npm:^6.0.0":
  version: 6.0.1
  resolution: "get-stream@npm:6.0.1"
  checksum: 10c0/49825d57d3fd6964228e6200a58169464b8e8970489b3acdc24906c782fb7f01f9f56f8e6653c4a50713771d6658f7cfe051e5eb8c12e334138c9c918b296341
  languageName: node
  linkType: hard

"glob-parent@npm:^5.1.2":
  version: 5.1.2
  resolution: "glob-parent@npm:5.1.2"
  dependencies:
    is-glob: "npm:^4.0.1"
  checksum: 10c0/cab87638e2112bee3f839ef5f6e0765057163d39c66be8ec1602f3823da4692297ad4e972de876ea17c44d652978638d2fd583c6713d0eb6591706825020c9ee
  languageName: node
  linkType: hard

"https-proxy-agent@npm:^5.0.0":
  version: 5.0.1
  resolution: "https-proxy-agent@npm:5.0.1"
  dependencies:
    agent-base: "npm:6"
    debug: "npm:4"
  checksum: 10c0/6dd639f03434003577c62b27cafdb864784ef19b2de430d8ae2a1d45e31c4fd60719e5637b44db1a88a046934307da7089e03d6089ec3ddacc1189d8de8897d1
  languageName: node
  linkType: hard

"human-signals@npm:^2.1.0":
  version: 2.1.0
  resolution: "human-signals@npm:2.1.0"
  checksum: 10c0/695edb3edfcfe9c8b52a76926cd31b36978782062c0ed9b1192b36bebc75c4c87c82e178dfcb0ed0fc27ca59d434198aac0bd0be18f5781ded775604db22304a
  languageName: node
  linkType: hard

"is-extglob@npm:^2.1.1":
  version: 2.1.1
  resolution: "is-extglob@npm:2.1.1"
  checksum: 10c0/5487da35691fbc339700bbb2730430b07777a3c21b9ebaecb3072512dfd7b4ba78ac2381a87e8d78d20ea08affb3f1971b4af629173a6bf435ff8a4c47747912
  languageName: node
  linkType: hard

"is-glob@npm:^4.0.1":
  version: 4.0.3
  resolution: "is-glob@npm:4.0.3"
  dependencies:
    is-extglob: "npm:^2.1.1"
  checksum: 10c0/17fb4014e22be3bbecea9b2e3a76e9e34ff645466be702f1693e8f1ee1adac84710d0be0bd9f967d6354036fd51ab7c2741d954d6e91dae6bb69714de92c197a
  languageName: node
  linkType: hard

"is-number@npm:^7.0.0":
  version: 7.0.0
  resolution: "is-number@npm:7.0.0"
  checksum: 10c0/b4686d0d3053146095ccd45346461bc8e53b80aeb7671cc52a4de02dbbf7dc0d1d2a986e2fe4ae206984b4d34ef37e8b795ebc4f4295c978373e6575e295d811
  languageName: node
  linkType: hard

"is-stream@npm:^2.0.0":
  version: 2.0.1
  resolution: "is-stream@npm:2.0.1"
  checksum: 10c0/7c284241313fc6efc329b8d7f08e16c0efeb6baab1b4cd0ba579eb78e5af1aa5da11e68559896a2067cd6c526bd29241dda4eb1225e627d5aa1a89a76d4635a5
  languageName: node
  linkType: hard

"isexe@npm:^2.0.0":
  version: 2.0.0
  resolution: "isexe@npm:2.0.0"
  checksum: 10c0/228cfa503fadc2c31596ab06ed6aa82c9976eec2bfd83397e7eaf06d0ccf42cd1dfd6743bf9aeb01aebd4156d009994c5f76ea898d2832c1fe342da923ca457d
  languageName: node
  linkType: hard

"js-yaml@npm:^4.1.0":
  version: 4.1.1
  resolution: "js-yaml@npm:4.1.1"
  dependencies:
    argparse: "npm:^2.0.1"
  bin:
    js-yaml: bin/js-yaml.js
  checksum: 10c0/561c7d7088c40a9bb53cc75becbfb1df6ae49b34b5e6e5a81744b14ae8667ec564ad2527709d1a6e7d5e5fa6d483aa0f373a50ad98d42fde368ec4a190d4fae7
  languageName: node
  linkType: hard

"merge-stream@npm:^2.0.0":
  version: 2.0.0
  resolution: "merge-stream@npm:2.0.0"
  checksum: 10c0/867fdbb30a6d58b011449b8885601ec1690c3e41c759ecd5a9d609094f7aed0096c37823ff4a7190ef0b8f22cc86beb7049196ff68c016e3b3c671d0dac91ce5
  languageName: node
  linkType: hard

"merge2@npm:^1.3.0":
  version: 1.4.1
  resolution: "merge2@npm:1.4.1"
  checksum: 10c0/254a8a4605b58f450308fc474c82ac9a094848081bf4c06778200207820e5193726dc563a0d2c16468810516a5c97d9d3ea0ca6585d23c58ccfff2403e8dbbeb
  languageName: node
  linkType: hard

"micromatch@npm:^4.0.8":
  version: 4.0.8
  resolution: "micromatch@npm:4.0.8"
  dependencies:
    braces: "npm:^3.0.3"
    picomatch: "npm:^2.3.1"
  checksum: 10c0/166fa6eb926b9553f32ef81f5f531d27b4ce7da60e5baf8c021d043b27a388fb95e46a8038d5045877881e673f8134122b59624d5cecbd16eb50a42e7a6b5ca8
  languageName: node
  linkType: hard

"mime-db@npm:1.52.0":
  version: 1.52.0
  resolution: "mime-db@npm:1.52.0"
  checksum: 10c0/0557a01deebf45ac5f5777fe7740b2a5c309c6d62d40ceab4e23da9f821899ce7a900b7ac8157d4548ddbb7beffe9abc621250e6d182b0397ec7f10c7b91a5aa
  languageName: node
  linkType: hard

"mime-types@npm:^2.1.27":
  version: 2.1.35
  resolution: "mime-types@npm:2.1.35"
  dependencies:
    mime-db: "npm:1.52.0"
  checksum: 10c0/82fb07ec56d8ff1fc999a84f2f217aa46cb6ed1033fefaabd5785b9a974ed225c90dc72fff460259e66b95b73648596dbcc50d51ed69cdf464af2d237d3149b2
  languageName: node
  linkType: hard

"mimic-fn@npm:^2.1.0":
  version: 2.1.0
  resolution: "mimic-fn@npm:2.1.0"
  checksum: 10c0/b26f5479d7ec6cc2bce275a08f146cf78f5e7b661b18114e2506dd91ec7ec47e7a25bf4360e5438094db0560bcc868079fb3b1fb3892b833c1ecbf63f80c95a4
  languageName: node
  linkType: hard

"minimatch@npm:^3.1.5":
  version: 3.1.5
  resolution: "minimatch@npm:3.1.5"
  dependencies:
    brace-expansion: "npm:^1.1.7"
  checksum: 10c0/2ecbdc0d33f07bddb0315a8b5afbcb761307a8778b48f0b312418ccbced99f104a2d17d8aca7573433c70e8ccd1c56823a441897a45e384ea76ef401a26ace70
  languageName: node
  linkType: hard

"ms@npm:^2.1.3":
  version: 2.1.3
  resolution: "ms@npm:2.1.3"
  checksum: 10c0/d924b57e7312b3b63ad21fc5b3dc0af5e78d61a1fc7cfb5457edaf26326bf62be5307cc87ffb6862ef1c2b33b0233cdb5d4f01c4c958cc0d660948b65a287a48
  languageName: node
  linkType: hard

"nodejs-file-downloader@npm:^4.11.1":
  version: 4.13.0
  resolution: "nodejs-file-downloader@npm:4.13.0"
  dependencies:
    follow-redirects: "npm:^1.15.6"
    https-proxy-agent: "npm:^5.0.0"
    mime-types: "npm:^2.1.27"
    sanitize-filename: "npm:^1.6.3"
  checksum: 10c0/5794cab1366563ad377341f19d74c97e5cc2cd472be26d54296b1a047acf4e9ea525a18d5788011aff53a039f5c60ecc71d8e5a81edb63a2aab1b95e4f4aac55
  languageName: node
  linkType: hard

"npm-run-path@npm:^4.0.1":
  version: 4.0.1
  resolution: "npm-run-path@npm:4.0.1"
  dependencies:
    path-key: "npm:^3.0.0"
  checksum: 10c0/6f9353a95288f8455cf64cbeb707b28826a7f29690244c1e4bb61ec573256e021b6ad6651b394eb1ccfd00d6ec50147253aba2c5fe58a57ceb111fad62c519ac
  languageName: node
  linkType: hard

"onetime@npm:^5.1.2":
  version: 5.1.2
  resolution: "onetime@npm:5.1.2"
  dependencies:
    mimic-fn: "npm:^2.1.0"
  checksum: 10c0/ffcef6fbb2692c3c40749f31ea2e22677a876daea92959b8a80b521d95cca7a668c884d8b2045d1d8ee7d56796aa405c405462af112a1477594cc63531baeb8f
  languageName: node
  linkType: hard

"path-key@npm:^3.0.0, path-key@npm:^3.1.0":
  version: 3.1.1
  resolution: "path-key@npm:3.1.1"
  checksum: 10c0/748c43efd5a569c039d7a00a03b58eecd1d75f3999f5a28303d75f521288df4823bc057d8784eb72358b2895a05f29a070bc9f1f17d28226cc4e62494cc58c4c
  languageName: node
  linkType: hard

"picomatch@npm:^2.3.1":
  version: 2.3.2
  resolution: "picomatch@npm:2.3.2"
  checksum: 10c0/a554d1709e59be97d1acb9eaedbbc700a5c03dbd4579807baed95100b00420bc729335440ef15004ae2378984e2487a7c1cebd743cfdb72b6fa9ab69223c0d61
  languageName: node
  linkType: hard

"q@npm:^1.5.1":
  version: 1.5.1
  resolution: "q@npm:1.5.1"
  checksum: 10c0/7855fbdba126cb7e92ef3a16b47ba998c0786ec7fface236e3eb0135b65df36429d91a86b1fff3ab0927b4ac4ee88a2c44527c7c3b8e2a37efbec9fe34803df4
  languageName: node
  linkType: hard

"queue-microtask@npm:^1.2.2":
  version: 1.2.3
  resolution: "queue-microtask@npm:1.2.3"
  checksum: 10c0/900a93d3cdae3acd7d16f642c29a642aea32c2026446151f0778c62ac089d4b8e6c986811076e1ae180a694cedf077d453a11b58ff0a865629a4f82ab558e102
  languageName: node
  linkType: hard

"reusify@npm:^1.0.4":
  version: 1.1.0
  resolution: "reusify@npm:1.1.0"
  checksum: 10c0/4eff0d4a5f9383566c7d7ec437b671cc51b25963bd61bf127c3f3d3f68e44a026d99b8d2f1ad344afff8d278a8fe70a8ea092650a716d22287e8bef7126bb2fa
  languageName: node
  linkType: hard

"run-parallel@npm:^1.1.9":
  version: 1.2.0
  resolution: "run-parallel@npm:1.2.0"
  dependencies:
    queue-microtask: "npm:^1.2.2"
  checksum: 10c0/200b5ab25b5b8b7113f9901bfe3afc347e19bb7475b267d55ad0eb86a62a46d77510cb0f232507c9e5d497ebda569a08a9867d0d14f57a82ad5564d991588b39
  languageName: node
  linkType: hard

"sanitize-filename@npm:^1.6.3":
  version: 1.6.4
  resolution: "sanitize-filename@npm:1.6.4"
  dependencies:
    truncate-utf8-bytes: "npm:^1.0.0"
  checksum: 10c0/b56415a95e4f90dc992cd126b5f45c7b39d178662fbd0dc48f03203e35c58ab8e9eb3f5cebfaabc46f1438093d65a3a3cc96875e2b036a1474e19593bee9a540
  languageName: node
  linkType: hard

"semver@npm:^5.7.2":
  version: 5.7.2
  resolution: "semver@npm:5.7.2"
  bin:
    semver: bin/semver
  checksum: 10c0/e4cf10f86f168db772ae95d86ba65b3fd6c5967c94d97c708ccb463b778c2ee53b914cd7167620950fc07faf5a564e6efe903836639e512a1aa15fbc9667fa25
  languageName: node
  linkType: hard

"shebang-command@npm:^2.0.0":
  version: 2.0.0
  resolution: "shebang-command@npm:2.0.0"
  dependencies:
    shebang-regex: "npm:^3.0.0"
  checksum: 10c0/a41692e7d89a553ef21d324a5cceb5f686d1f3c040759c50aab69688634688c5c327f26f3ecf7001ebfd78c01f3c7c0a11a7c8bfd0a8bc9f6240d4f40b224e4e
  languageName: node
  linkType: hard

"shebang-regex@npm:^3.0.0":
  version: 3.0.0
  resolution: "shebang-regex@npm:3.0.0"
  checksum: 10c0/1dbed0726dd0e1152a92696c76c7f06084eb32a90f0528d11acd764043aacf76994b2fb30aa1291a21bd019d6699164d048286309a278855ee7bec06cf6fb690
  languageName: node
  linkType: hard

"shelljs@npm:^0.10.0":
  version: 0.10.0
  resolution: "shelljs@npm:0.10.0"
  dependencies:
    execa: "npm:^5.1.1"
    fast-glob: "npm:^3.3.2"
  checksum: 10c0/3a18d524e2302fedd6e2b143bc17fd1e4583f41d19cb8ab747f8b00cfe39370044835f72adcab63a25ce004cae1605a8825afb3fa4dd5f78217b17b9ef966468
  languageName: node
  linkType: hard

"signal-exit@npm:^3.0.3":
  version: 3.0.7
  resolution: "signal-exit@npm:3.0.7"
  checksum: 10c0/25d272fa73e146048565e08f3309d5b942c1979a6f4a58a8c59d5fa299728e9c2fcd1a759ec870863b1fd38653670240cd420dad2ad9330c71f36608a6a1c912
  languageName: node
  linkType: hard

"strip-final-newline@npm:^2.0.0":
  version: 2.0.0
  resolution: "strip-final-newline@npm:2.0.0"
  checksum: 10c0/bddf8ccd47acd85c0e09ad7375409d81653f645fda13227a9d459642277c253d877b68f2e5e4d819fe75733b0e626bac7e954c04f3236f6d196f79c94fa4a96f
  languageName: node
  linkType: hard

"to-regex-range@npm:^5.0.1":
  version: 5.0.1
  resolution: "to-regex-range@npm:5.0.1"
  dependencies:
    is-number: "npm:^7.0.0"
  checksum: 10c0/487988b0a19c654ff3e1961b87f471702e708fa8a8dd02a298ef16da7206692e8552a0250e8b3e8759270f62e9d8314616f6da274734d3b558b1fc7b7724e892
  languageName: node
  linkType: hard

"truncate-utf8-bytes@npm:^1.0.0":
  version: 1.0.2
  resolution: "truncate-utf8-bytes@npm:1.0.2"
  dependencies:
    utf8-byte-length: "npm:^1.0.1"
  checksum: 10c0/af2b431fc4314f119b551e5fccfad49d4c0ef82e13ba9ca61be6567801195b08e732ce9643542e8ad1b3df44f3df2d7345b3dd34f723954b6bb43a14584d6b3c
  languageName: node
  linkType: hard

"typescript@npm:^5.5.4":
  version: 5.9.3
  resolution: "typescript@npm:5.9.3"
  bin:
    tsc: bin/tsc
    tsserver: bin/tsserver
  checksum: 10c0/6bd7552ce39f97e711db5aa048f6f9995b53f1c52f7d8667c1abdc1700c68a76a308f579cd309ce6b53646deb4e9a1be7c813a93baaf0a28ccd536a30270e1c5
  languageName: node
  linkType: hard

"typescript@patch:typescript@npm%3A^5.5.4#optional!builtin<compat/typescript>":
  version: 5.9.3
  resolution: "typescript@patch:typescript@npm%3A5.9.3#optional!builtin<compat/typescript>::version=5.9.3&hash=5786d5"
  bin:
    tsc: bin/tsc
    tsserver: bin/tsserver
  checksum: 10c0/ad09fdf7a756814dce65bc60c1657b40d44451346858eea230e10f2e95a289d9183b6e32e5c11e95acc0ccc214b4f36289dcad4bf1886b0adb84d711d336a430
  languageName: node
  linkType: hard

"undici-types@npm:~6.21.0":
  version: 6.21.0
  resolution: "undici-types@npm:6.21.0"
  checksum: 10c0/c01ed51829b10aa72fc3ce64b747f8e74ae9b60eafa19a7b46ef624403508a54c526ffab06a14a26b3120d055e1104d7abe7c9017e83ced038ea5cf52f8d5e04
  languageName: node
  linkType: hard

"utf8-byte-length@npm:^1.0.1":
  version: 1.0.5
  resolution: "utf8-byte-length@npm:1.0.5"
  checksum: 10c0/e69bda3299608f4cc75976da9fb74ac94801a58b9ca29fdad03a20ec952e7477d7f226c12716b5f36bd4cff8151d1d152d02ee1df3752f017d4b2c725ce3e47a
  languageName: node
  linkType: hard

"uuid@npm:^3.0.1":
  version: 3.4.0
  resolution: "uuid@npm:3.4.0"
  bin:
    uuid: ./bin/uuid
  checksum: 10c0/1c13950df865c4f506ebfe0a24023571fa80edf2e62364297a537c80af09c618299797bbf2dbac6b1f8ae5ad182ba474b89db61e0e85839683991f7e08795347
  languageName: node
  linkType: hard

"which@npm:^2.0.1":
  version: 2.0.2
  resolution: "which@npm:2.0.2"
  dependencies:
    isexe: "npm:^2.0.0"
  bin:
    node-which: ./bin/node-which
  checksum: 10c0/66522872a768b60c2a65a57e8ad184e5372f5b6a9ca6d5f033d4b0dc98aff63995655a7503b9c0a2598936f532120e81dd8cc155e2e92ed662a2b9377cc4374f
  languageName: node
  linkType: hard

"yarnrc-authenticate-task@workspace:.":
  version: 0.0.0-use.local
  resolution: "yarnrc-authenticate-task@workspace:."
  dependencies:
    "@types/js-yaml": "npm:^4.0.9"
    "@types/node": "npm:^20.14.12"
    azure-pipelines-task-lib: "npm:^5.2.10"
    esbuild: "npm:^0.28.1"
    js-yaml: "npm:^4.1.0"
    typescript: "npm:^5.5.4"
  languageName: unknown
  linkType: soft
